<?xml version="1.0" encoding="utf-8"?>
<Project ToolsVersion="4.0" xmlns="http://schemas.microsoft.com/developer/msbuild/2003">
  <ItemGroup>
    <Filter Include="ソース">
      <UniqueIdentifier>{349607af-3208-4a50-b1ba-e115e503020c}</UniqueIdentifier>
      <Extensions>cpp;c;cc;cxx;def;odl;idl;hpj;bat;asm;asmx</Extensions>
    </Filter>
    <Filter Include="ヘッダー">
      <UniqueIdentifier>{03f241ca-3634-4410-81c2-2336f81c7ee0}</UniqueIdentifier>
      <Extensions>h;hpp;hxx;hm;inl;inc;xsd</Extensions>
    </Filter>
    <Filter Include="リソース">
      <UniqueIdentifier>{f6704406-6289-4015-8e0d-2a7da9314ec6}</UniqueIdentifier>
      <Extensions>rc;ico;cur;bmp;dlg;rc2;rct;bin;rgs;gif;jpg;jpeg;jpe;resx;tiff;tif;png;wav</Extensions>
    </Filter>
  </ItemGroup>
  <ItemGroup>
    <Image Include="icon.ico">
      <Filter>リソース</Filter>
    </Image>
  </ItemGroup>
  <ItemGroup>
    <ResourceCompile Include="resource.rc">
      <Filter>リソース</Filter>
    </ResourceCompile>
  </ItemGroup>
  <ItemGroup>
    <Text Include="LICENSE.txt" />
  </ItemGroup>
  <ItemGroup>
    <ClCompile Include="main.cpp">
      <Filter>ソース</Filter>
    </ClCompile>
    <ClCompile Include="player.cpp">
      <Filter>ソース</Filter>
    </ClCompile>
    <ClCompile Include="map.cpp">
      <Filter>ソース</Filter>
    </ClCompile>
    <ClCompile Include="people.cpp">
      <Filter>ソース</Filter>
    </ClCompile>
  </ItemGroup>
  <ItemGroup>
    <ClInclude Include="common.h">
      <Filter>ヘッダー</Filter>
    </ClInclude>
    <ClInclude Include="main.h">
      <Filter>ヘッダー</Filter>
    </ClInclude>
  </ItemGroup>
</Project>